
Microsoft Visual Studio Solution File, Format Version 12.00
# Visual Studio Version 16
VisualStudioVersion = 16.0.32802.440
MinimumVisualStudioVersion = 10.0.40219.1
Project("{FAE04EC0-301F-11D3-BF4B-00C04F79EFBC}") = "LibraryMS", "LibraryMS\LibraryMS.csproj", "{FFE30D98-B14A-4A43-80B2-42E3701A59BD}"
EndProject
Global
	GlobalSection(SolutionConfigurationPlatforms) = preSolution
		Debug|Any CPU = Debug|Any CPU
		Release|Any CPU = Release|Any CPU
	EndGlobalSection
	GlobalSection(ProjectConfigurationPlatforms) = postSolution
		{FFE30D98-B14A-4A43-80B2-42E3701A59BD}.Debug|Any CPU.ActiveCfg = Debug|Any CPU
		{FFE30D98-B14A-4A43-80B2-42E3701A59BD}.Debug|Any CPU.Build.0 = Debug|Any CPU
		{FFE30D98-B14A-4A43-80B2-42E3701A59BD}.Release|Any CPU.ActiveCfg = Release|Any CPU
		{FFE30D98-B14A-4A43-80B2-42E3701A59BD}.Release|Any CPU.Build.0 = Release|Any CPU
	EndGlobalSection
	GlobalSection(SolutionProperties) = preSolution
		HideSolutionNode = FALSE
	EndGlobalSection
	GlobalSection(ExtensibilityGlobals) = postSolution
		SolutionGuid = {985954BC-C037-4273-A2B6-7C6F071A4C25}
	EndGlobalSection
EndGlobal
